
Microsoft Visual Studio Solution File, Format Version 12.00
# Visual Studio Version 16
VisualStudioVersion = 16.0.30907.101
MinimumVisualStudioVersion = 10.0.40219.1
Project("{FAE04EC0-301F-11D3-BF4B-00C04F79EFBC}") = "GameProject", "GameProject\GameProject.csproj", "{F6EF521E-2237-4217-A362-A56CD9970A0E}"
EndProject
Global
	GlobalSection(SolutionConfigurationPlatforms) = preSolution
		Debug|Any CPU = Debug|Any CPU
		Release|Any CPU = Release|Any CPU
	EndGlobalSection
	GlobalSection(ProjectConfigurationPlatforms) = postSolution
		{F6EF521E-2237-4217-A362-A56CD9970A0E}.Debug|Any CPU.ActiveCfg = Debug|Any CPU
		{F6EF521E-2237-4217-A362-A56CD9970A0E}.Debug|Any CPU.Build.0 = Debug|Any CPU
		{F6EF521E-2237-4217-A362-A56CD9970A0E}.Release|Any CPU.ActiveCfg = Release|Any CPU
		{F6EF521E-2237-4217-A362-A56CD9970A0E}.Release|Any CPU.Build.0 = Release|Any CPU
	EndGlobalSection
	GlobalSection(SolutionProperties) = preSolution
		HideSolutionNode = FALSE
	EndGlobalSection
	GlobalSection(ExtensibilityGlobals) = postSolution
		SolutionGuid = {AA3CC83E-D27C-414F-A486-170646E7EF3F}
	EndGlobalSection
EndGlobal
